
Microsoft Visual Studio Solution File, Format Version 12.00
# Visual Studio Version 17
VisualStudioVersion = 17.0.32014.148
MinimumVisualStudioVersion = 10.0.40219.1
Project("{FAE04EC0-301F-11D3-BF4B-00C04F79EFBC}") = "EndToEnd", "EndToEnd.csproj", "{93523D57-899B-4F64-8F91-300263C208DB}"
EndProject
Global
	GlobalSection(SolutionConfigurationPlatforms) = preSolution
		Debug|Any CPU = Debug|Any CPU
		Release|Any CPU = Release|Any CPU
	EndGlobalSection
	GlobalSection(ProjectConfigurationPlatforms) = postSolution
		{93523D57-899B-4F64-8F91-300263C208DB}.Debug|Any CPU.ActiveCfg = Debug|Any CPU
		{93523D57-899B-4F64-8F91-300263C208DB}.Debug|Any CPU.Build.0 = Debug|Any CPU
		{93523D57-899B-4F64-8F91-300263C208DB}.Release|Any CPU.ActiveCfg = Release|Any CPU
		{93523D57-899B-4F64-8F91-300263C208DB}.Release|Any CPU.Build.0 = Release|Any CPU
	EndGlobalSection
	GlobalSection(SolutionProperties) = preSolution
		HideSolutionNode = FALSE
	EndGlobalSection
	GlobalSection(ExtensibilityGlobals) = postSolution
		SolutionGuid = {B17BED90-B954-4E85-8FF5-CC9B2E936699}
	EndGlobalSection
EndGlobal
